
Microsoft Visual Studio Solution File, Format Version 12.00
# Visual Studio 15
VisualStudioVersion = 15.0.26124.0
MinimumVisualStudioVersion = 15.0.26124.0
Project("{FAE04EC0-301F-11D3-BF4B-00C04F79EFBC}") = "Domain", "Domain\Domain.csproj", "{797F0485-8155-466C-9C23-AA2E6EB54D8F}"
EndProject
Project("{FAE04EC0-301F-11D3-BF4B-00C04F79EFBC}") = "Application", "Application\Application.csproj", "{7A65B216-4DEC-4F53-BBB6-49241E275B33}"
EndProject
Project("{FAE04EC0-301F-11D3-BF4B-00C04F79EFBC}") = "API", "API\API.csproj", "{0E621D0C-85DB-4D9D-8236-707A71C4E43A}"
EndProject
Project("{FAE04EC0-301F-11D3-BF4B-00C04F79EFBC}") = "Persistence", "Persistence\Persistence.csproj", "{142B3269-BFD4-4035-9219-E18AE9A0582E}"
EndProject
Global
	GlobalSection(SolutionConfigurationPlatforms) = preSolution
		Debug|Any CPU = Debug|Any CPU
		Debug|x64 = Debug|x64
		Debug|x86 = Debug|x86
		Release|Any CPU = Release|Any CPU
		Release|x64 = Release|x64
		Release|x86 = Release|x86
	EndGlobalSection
	GlobalSection(SolutionProperties) = preSolution
		HideSolutionNode = FALSE
	EndGlobalSection
	GlobalSection(ProjectConfigurationPlatforms) = postSolution
		{797F0485-8155-466C-9C23-AA2E6EB54D8F}.Debug|Any CPU.ActiveCfg = Debug|Any CPU
		{797F0485-8155-466C-9C23-AA2E6EB54D8F}.Debug|Any CPU.Build.0 = Debug|Any CPU
		{797F0485-8155-466C-9C23-AA2E6EB54D8F}.Debug|x64.ActiveCfg = Debug|Any CPU
		{797F0485-8155-466C-9C23-AA2E6EB54D8F}.Debug|x64.Build.0 = Debug|Any CPU
		{797F0485-8155-466C-9C23-AA2E6EB54D8F}.Debug|x86.ActiveCfg = Debug|Any CPU
		{797F0485-8155-466C-9C23-AA2E6EB54D8F}.Debug|x86.Build.0 = Debug|Any CPU
		{797F0485-8155-466C-9C23-AA2E6EB54D8F}.Release|Any CPU.ActiveCfg = Release|Any CPU
		{797F0485-8155-466C-9C23-AA2E6EB54D8F}.Release|Any CPU.Build.0 = Release|Any CPU
		{797F0485-8155-466C-9C23-AA2E6EB54D8F}.Release|x64.ActiveCfg = Release|Any CPU
		{797F0485-8155-466C-9C23-AA2E6EB54D8F}.Release|x64.Build.0 = Release|Any CPU
		{797F0485-8155-466C-9C23-AA2E6EB54D8F}.Release|x86.ActiveCfg = Release|Any CPU
		{797F0485-8155-466C-9C23-AA2E6EB54D8F}.Release|x86.Build.0 = Release|Any CPU
		{7A65B216-4DEC-4F53-BBB6-49241E275B33}.Debug|Any CPU.ActiveCfg = Debug|Any CPU
		{7A65B216-4DEC-4F53-BBB6-49241E275B33}.Debug|Any CPU.Build.0 = Debug|Any CPU
		{7A65B216-4DEC-4F53-BBB6-49241E275B33}.Debug|x64.ActiveCfg = Debug|Any CPU
		{7A65B216-4DEC-4F53-BBB6-49241E275B33}.Debug|x64.Build.0 = Debug|Any CPU
		{7A65B216-4DEC-4F53-BBB6-49241E275B33}.Debug|x86.ActiveCfg = Debug|Any CPU
		{7A65B216-4DEC-4F53-BBB6-49241E275B33}.Debug|x86.Build.0 = Debug|Any CPU
		{7A65B216-4DEC-4F53-BBB6-49241E275B33}.Release|Any CPU.ActiveCfg = Release|Any CPU
		{7A65B216-4DEC-4F53-BBB6-49241E275B33}.Release|Any CPU.Build.0 = Release|Any CPU
		{7A65B216-4DEC-4F53-BBB6-49241E275B33}.Release|x64.ActiveCfg = Release|Any CPU
		{7A65B216-4DEC-4F53-BBB6-49241E275B33}.Release|x64.Build.0 = Release|Any CPU
		{7A65B216-4DEC-4F53-BBB6-49241E275B33}.Release|x86.ActiveCfg = Release|Any CPU
		{7A65B216-4DEC-4F53-BBB6-49241E275B33}.Release|x86.Build.0 = Release|Any CPU
		{0E621D0C-85DB-4D9D-8236-707A71C4E43A}.Debug|Any CPU.ActiveCfg = Debug|Any CPU
		{0E621D0C-85DB-4D9D-8236-707A71C4E43A}.Debug|Any CPU.Build.0 = Debug|Any CPU
		{0E621D0C-85DB-4D9D-8236-707A71C4E43A}.Debug|x64.ActiveCfg = Debug|Any CPU
		{0E621D0C-85DB-4D9D-8236-707A71C4E43A}.Debug|x64.Build.0 = Debug|Any CPU
		{0E621D0C-85DB-4D9D-8236-707A71C4E43A}.Debug|x86.ActiveCfg = Debug|Any CPU
		{0E621D0C-85DB-4D9D-8236-707A71C4E43A}.Debug|x86.Build.0 = Debug|Any CPU
		{0E621D0C-85DB-4D9D-8236-707A71C4E43A}.Release|Any CPU.ActiveCfg = Release|Any CPU
		{0E621D0C-85DB-4D9D-8236-707A71C4E43A}.Release|Any CPU.Build.0 = Release|Any CPU
		{0E621D0C-85DB-4D9D-8236-707A71C4E43A}.Release|x64.ActiveCfg = Release|Any CPU
		{0E621D0C-85DB-4D9D-8236-707A71C4E43A}.Release|x64.Build.0 = Release|Any CPU
		{0E621D0C-85DB-4D9D-8236-707A71C4E43A}.Release|x86.ActiveCfg = Release|Any CPU
		{0E621D0C-85DB-4D9D-8236-707A71C4E43A}.Release|x86.Build.0 = Release|Any CPU
		{142B3269-BFD4-4035-9219-E18AE9A0582E}.Debug|Any CPU.ActiveCfg = Debug|Any CPU
		{142B3269-BFD4-4035-9219-E18AE9A0582E}.Debug|Any CPU.Build.0 = Debug|Any CPU
		{142B3269-BFD4-4035-9219-E18AE9A0582E}.Debug|x64.ActiveCfg = Debug|Any CPU
		{142B3269-BFD4-4035-9219-E18AE9A0582E}.Debug|x64.Build.0 = Debug|Any CPU
		{142B3269-BFD4-4035-9219-E18AE9A0582E}.Debug|x86.ActiveCfg = Debug|Any CPU
		{142B3269-BFD4-4035-9219-E18AE9A0582E}.Debug|x86.Build.0 = Debug|Any CPU
		{142B3269-BFD4-4035-9219-E18AE9A0582E}.Release|Any CPU.ActiveCfg = Release|Any CPU
		{142B3269-BFD4-4035-9219-E18AE9A0582E}.Release|Any CPU.Build.0 = Release|Any CPU
		{142B3269-BFD4-4035-9219-E18AE9A0582E}.Release|x64.ActiveCfg = Release|Any CPU
		{142B3269-BFD4-4035-9219-E18AE9A0582E}.Release|x64.Build.0 = Release|Any CPU
		{142B3269-BFD4-4035-9219-E18AE9A0582E}.Release|x86.ActiveCfg = Release|Any CPU
		{142B3269-BFD4-4035-9219-E18AE9A0582E}.Release|x86.Build.0 = Release|Any CPU
	EndGlobalSection
EndGlobal
